
Microsoft Visual Studio Solution File, Format Version 12.00
# Visual Studio 15
VisualStudioVersion = 15.0.26430.16
MinimumVisualStudioVersion = 10.0.40219.1
Project("{FAE04EC0-301F-11D3-BF4B-00C04F79EFBC}") = "Maker.Rise.Framework", "Maker.Rise.Framework\Maker.Rise.Framework.csproj", "{6BC62B78-A585-4608-ADDE-25464E58F341}"
EndProject
Project("{FAE04EC0-301F-11D3-BF4B-00C04F79EFBC}") = "Maker.Rise.Framework.Exemple", "Maker.Rise.Framework.Exemple\Maker.Rise.Framework.Exemple.csproj", "{810EA5F9-225F-4CF7-84C6-DDBAFFC6E777}"
EndProject
Project("{FAE04EC0-301F-11D3-BF4B-00C04F79EFBC}") = "Maker.Rise.Inspector", "Maker.RiseEngine.Inspector\Maker.Rise.Inspector.csproj", "{EFE46D29-3D80-4666-827B-54E29898F876}"
EndProject
Global
	GlobalSection(SolutionConfigurationPlatforms) = preSolution
		Debug|Any CPU = Debug|Any CPU
		Release|Any CPU = Release|Any CPU
	EndGlobalSection
	GlobalSection(ProjectConfigurationPlatforms) = postSolution
		{6BC62B78-A585-4608-ADDE-25464E58F341}.Debug|Any CPU.ActiveCfg = Debug|Any CPU
		{6BC62B78-A585-4608-ADDE-25464E58F341}.Debug|Any CPU.Build.0 = Debug|Any CPU
		{6BC62B78-A585-4608-ADDE-25464E58F341}.Release|Any CPU.ActiveCfg = Release|Any CPU
		{6BC62B78-A585-4608-ADDE-25464E58F341}.Release|Any CPU.Build.0 = Release|Any CPU
		{810EA5F9-225F-4CF7-84C6-DDBAFFC6E777}.Debug|Any CPU.ActiveCfg = Debug|Any CPU
		{810EA5F9-225F-4CF7-84C6-DDBAFFC6E777}.Debug|Any CPU.Build.0 = Debug|Any CPU
		{810EA5F9-225F-4CF7-84C6-DDBAFFC6E777}.Release|Any CPU.ActiveCfg = Release|Any CPU
		{810EA5F9-225F-4CF7-84C6-DDBAFFC6E777}.Release|Any CPU.Build.0 = Release|Any CPU
		{EFE46D29-3D80-4666-827B-54E29898F876}.Debug|Any CPU.ActiveCfg = Debug|Any CPU
		{EFE46D29-3D80-4666-827B-54E29898F876}.Debug|Any CPU.Build.0 = Debug|Any CPU
		{EFE46D29-3D80-4666-827B-54E29898F876}.Release|Any CPU.ActiveCfg = Release|Any CPU
		{EFE46D29-3D80-4666-827B-54E29898F876}.Release|Any CPU.Build.0 = Release|Any CPU
	EndGlobalSection
	GlobalSection(SolutionProperties) = preSolution
		HideSolutionNode = FALSE
	EndGlobalSection
EndGlobal
